
Microsoft Visual Studio Solution File, Format Version 12.00
# Visual Studio Version 17
VisualStudioVersion = 17.9.34723.18
MinimumVisualStudioVersion = 10.0.40219.1
Project("{9A19103F-16F7-4668-BE54-9A1E7A4F7556}") = "UtilityBot", "UtilityBot\UtilityBot.csproj", "{8B51598E-E76A-4174-8478-F03FCAC69A3C}"
EndProject
Project("{9A19103F-16F7-4668-BE54-9A1E7A4F7556}") = "UtilityBot.Lib", "UtilityBot.Lib\UtilityBot.Lib.csproj", "{1CD79870-6E03-4D8C-A1F9-0823FC855B85}"
EndProject
Global
	GlobalSection(SolutionConfigurationPlatforms) = preSolution
		Debug|Any CPU = Debug|Any CPU
		Release|Any CPU = Release|Any CPU
	EndGlobalSection
	GlobalSection(ProjectConfigurationPlatforms) = postSolution
		{8B51598E-E76A-4174-8478-F03FCAC69A3C}.Debug|Any CPU.ActiveCfg = Debug|Any CPU
		{8B51598E-E76A-4174-8478-F03FCAC69A3C}.Debug|Any CPU.Build.0 = Debug|Any CPU
		{8B51598E-E76A-4174-8478-F03FCAC69A3C}.Release|Any CPU.ActiveCfg = Release|Any CPU
		{8B51598E-E76A-4174-8478-F03FCAC69A3C}.Release|Any CPU.Build.0 = Release|Any CPU
		{1CD79870-6E03-4D8C-A1F9-0823FC855B85}.Debug|Any CPU.ActiveCfg = Debug|Any CPU
		{1CD79870-6E03-4D8C-A1F9-0823FC855B85}.Debug|Any CPU.Build.0 = Debug|Any CPU
		{1CD79870-6E03-4D8C-A1F9-0823FC855B85}.Release|Any CPU.ActiveCfg = Release|Any CPU
		{1CD79870-6E03-4D8C-A1F9-0823FC855B85}.Release|Any CPU.Build.0 = Release|Any CPU
	EndGlobalSection
	GlobalSection(SolutionProperties) = preSolution
		HideSolutionNode = FALSE
	EndGlobalSection
	GlobalSection(ExtensibilityGlobals) = postSolution
		SolutionGuid = {B8D425D1-F875-46F5-B716-5BAD7293039D}
	EndGlobalSection
EndGlobal
